
Microsoft Visual Studio Solution File, Format Version 12.00
# Visual Studio Version 16
VisualStudioVersion = 16.0.31624.102
MinimumVisualStudioVersion = 10.0.40219.1
Project("{9A19103F-16F7-4668-BE54-9A1E7A4F7556}") = "OrigoTestTask", "OrigoTestTask\OrigoTestTask.csproj", "{EBE70BE9-BD77-4D66-AB7D-43CD439EDEDB}"
EndProject
Project("{FAE04EC0-301F-11D3-BF4B-00C04F79EFBC}") = "OrigoTestTask.API", "OrigoTestTask.API\OrigoTestTask.API.csproj", "{2712DF7C-6877-4BF9-B5C2-A077273AF542}"
EndProject
Project("{FAE04EC0-301F-11D3-BF4B-00C04F79EFBC}") = "OrigoTestTask.Core", "OrigoTestTask.Core\OrigoTestTask.Core.csproj", "{BD21C49E-D59A-47F2-8027-AFFBEC0FA488}"
EndProject
Project("{FAE04EC0-301F-11D3-BF4B-00C04F79EFBC}") = "OrigoTestTask.Core.Model", "OrigoTestTask.Core.Model\OrigoTestTask.Core.Model.csproj", "{FC5E7496-2CBD-44C8-8196-D5FD7EF8CBD8}"
EndProject
Global
	GlobalSection(SolutionConfigurationPlatforms) = preSolution
		Debug|Any CPU = Debug|Any CPU
		Release|Any CPU = Release|Any CPU
	EndGlobalSection
	GlobalSection(ProjectConfigurationPlatforms) = postSolution
		{EBE70BE9-BD77-4D66-AB7D-43CD439EDEDB}.Debug|Any CPU.ActiveCfg = Debug|Any CPU
		{EBE70BE9-BD77-4D66-AB7D-43CD439EDEDB}.Debug|Any CPU.Build.0 = Debug|Any CPU
		{EBE70BE9-BD77-4D66-AB7D-43CD439EDEDB}.Release|Any CPU.ActiveCfg = Release|Any CPU
		{EBE70BE9-BD77-4D66-AB7D-43CD439EDEDB}.Release|Any CPU.Build.0 = Release|Any CPU
		{2712DF7C-6877-4BF9-B5C2-A077273AF542}.Debug|Any CPU.ActiveCfg = Debug|Any CPU
		{2712DF7C-6877-4BF9-B5C2-A077273AF542}.Debug|Any CPU.Build.0 = Debug|Any CPU
		{2712DF7C-6877-4BF9-B5C2-A077273AF542}.Release|Any CPU.ActiveCfg = Release|Any CPU
		{2712DF7C-6877-4BF9-B5C2-A077273AF542}.Release|Any CPU.Build.0 = Release|Any CPU
		{BD21C49E-D59A-47F2-8027-AFFBEC0FA488}.Debug|Any CPU.ActiveCfg = Debug|Any CPU
		{BD21C49E-D59A-47F2-8027-AFFBEC0FA488}.Debug|Any CPU.Build.0 = Debug|Any CPU
		{BD21C49E-D59A-47F2-8027-AFFBEC0FA488}.Release|Any CPU.ActiveCfg = Release|Any CPU
		{BD21C49E-D59A-47F2-8027-AFFBEC0FA488}.Release|Any CPU.Build.0 = Release|Any CPU
		{FC5E7496-2CBD-44C8-8196-D5FD7EF8CBD8}.Debug|Any CPU.ActiveCfg = Debug|Any CPU
		{FC5E7496-2CBD-44C8-8196-D5FD7EF8CBD8}.Debug|Any CPU.Build.0 = Debug|Any CPU
		{FC5E7496-2CBD-44C8-8196-D5FD7EF8CBD8}.Release|Any CPU.ActiveCfg = Release|Any CPU
		{FC5E7496-2CBD-44C8-8196-D5FD7EF8CBD8}.Release|Any CPU.Build.0 = Release|Any CPU
	EndGlobalSection
	GlobalSection(SolutionProperties) = preSolution
		HideSolutionNode = FALSE
	EndGlobalSection
	GlobalSection(ExtensibilityGlobals) = postSolution
		SolutionGuid = {B8678EE1-B829-41D7-9A72-4A1F9FA9DD4D}
	EndGlobalSection
EndGlobal
